{
  "version": 4,
  "terraform_version": "1.3.7",
  "serial": 15,
  "lineage": "a3517a18-4339-aa17-3e97-e92305f01eca",
  "outputs": {
    "apache_user_arn": {
      "value": "arn:aws:iam::785082517467:user/admin_b4maryan",
      "type": "string"
    }
  },
  "resources": [
    {
      "module": "module.s3",
      "mode": "data",
      "type": "aws_iam_user",
      "name": "apache-s3-user",
      "provider": "provider[\"registry.terraform.io/hashicorp/aws\"]",
      "instances": [
        {
          "schema_version": 0,
          "attributes": {
            "arn": "arn:aws:iam::785082517467:user/admin_b4maryan",
            "id": "AIDA3NSUQQ7N7GCKVG2RY",
            "path": "/",
            "permissions_boundary": "",
            "tags": {
              "AKIA3NSUQQ7NQBFFAAKN": "access_key_v2"
            },
            "user_id": "AIDA3NSUQQ7N7GCKVG2RY",
            "user_name": "admin_b4maryan"
          },
          "sensitive_attributes": []
        }
      ]
    },
    {
      "module": "module.s3",
      "mode": "managed",
      "type": "aws_s3_bucket",
      "name": "apache_s3",
      "provider": "provider[\"registry.terraform.io/hashicorp/aws\"]",
      "instances": [
        {
          "schema_version": 0,
          "attributes": {
            "acceleration_status": "",
            "acl": null,
            "arn": "arn:aws:s3:::terraform-s3-apache-bucket",
            "bucket": "terraform-s3-apache-bucket",
            "bucket_domain_name": "terraform-s3-apache-bucket.s3.amazonaws.com",
            "bucket_prefix": "",
            "bucket_regional_domain_name": "terraform-s3-apache-bucket.s3.us-west-2.amazonaws.com",
            "cors_rule": [],
            "force_destroy": false,
            "grant": [
              {
                "id": "bd5a52164a5ecda960ea3e148458a5c326162d25ebd9a5a91fd003b428bf92b7",
                "permissions": [
                  "FULL_CONTROL"
                ],
                "type": "CanonicalUser",
                "uri": ""
              }
            ],
            "hosted_zone_id": "Z3BJ6K6RIION7M",
            "id": "terraform-s3-apache-bucket",
            "lifecycle_rule": [],
            "logging": [],
            "object_lock_configuration": [],
            "object_lock_enabled": false,
            "policy": "",
            "region": "us-west-2",
            "replication_configuration": [],
            "request_payer": "BucketOwner",
            "server_side_encryption_configuration": [
              {
                "rule": [
                  {
                    "apply_server_side_encryption_by_default": [
                      {
                        "kms_master_key_id": "",
                        "sse_algorithm": "AES256"
                      }
                    ],
                    "bucket_key_enabled": false
                  }
                ]
              }
            ],
            "tags": {},
            "tags_all": {},
            "timeouts": null,
            "versioning": [
              {
                "enabled": false,
                "mfa_delete": false
              }
            ],
            "website": [],
            "website_domain": null,
            "website_endpoint": null
          },
          "sensitive_attributes": [],
          "private": "eyJlMmJmYjczMC1lY2FhLTExZTYtOGY4OC0zNDM2M2JjN2M0YzAiOnsiY3JlYXRlIjoxMjAwMDAwMDAwMDAwLCJkZWxldGUiOjM2MDAwMDAwMDAwMDAsInJlYWQiOjEyMDAwMDAwMDAwMDAsInVwZGF0ZSI6MTIwMDAwMDAwMDAwMH19"
        }
      ]
    }
  ],
  "check_results": null
}
